
Microsoft Visual Studio Solution File, Format Version 12.00
# Visual Studio Version 17
VisualStudioVersion = 17.7.34202.233
MinimumVisualStudioVersion = 10.0.40219.1
Project("{FAE04EC0-301F-11D3-BF4B-00C04F79EFBC}") = "InsuranceManagement", "InsuranceManagement\InsuranceManagement.csproj", "{55C9E236-F31C-4D86-A47B-882F253F62BB}"
EndProject
Global
	GlobalSection(SolutionConfigurationPlatforms) = preSolution
		Debug|Any CPU = Debug|Any CPU
		Release|Any CPU = Release|Any CPU
	EndGlobalSection
	GlobalSection(ProjectConfigurationPlatforms) = postSolution
		{55C9E236-F31C-4D86-A47B-882F253F62BB}.Debug|Any CPU.ActiveCfg = Debug|Any CPU
		{55C9E236-F31C-4D86-A47B-882F253F62BB}.Debug|Any CPU.Build.0 = Debug|Any CPU
		{55C9E236-F31C-4D86-A47B-882F253F62BB}.Release|Any CPU.ActiveCfg = Release|Any CPU
		{55C9E236-F31C-4D86-A47B-882F253F62BB}.Release|Any CPU.Build.0 = Release|Any CPU
	EndGlobalSection
	GlobalSection(SolutionProperties) = preSolution
		HideSolutionNode = FALSE
	EndGlobalSection
	GlobalSection(ExtensibilityGlobals) = postSolution
		SolutionGuid = {F282FBE6-8B91-445B-A407-62B7D94CE328}
	EndGlobalSection
EndGlobal
