
Microsoft Visual Studio Solution File, Format Version 12.00
# Visual Studio Version 17
VisualStudioVersion = 17.7.34202.233
MinimumVisualStudioVersion = 10.0.40219.1
Project("{FAE04EC0-301F-11D3-BF4B-00C04F79EFBC}") = "productCollectionAPI", "productCollectionAPI\productCollectionAPI.csproj", "{99B46010-BC3A-4FA3-B554-1551407923A0}"
EndProject
Global
	GlobalSection(SolutionConfigurationPlatforms) = preSolution
		Debug|Any CPU = Debug|Any CPU
		Release|Any CPU = Release|Any CPU
	EndGlobalSection
	GlobalSection(ProjectConfigurationPlatforms) = postSolution
		{99B46010-BC3A-4FA3-B554-1551407923A0}.Debug|Any CPU.ActiveCfg = Debug|Any CPU
		{99B46010-BC3A-4FA3-B554-1551407923A0}.Debug|Any CPU.Build.0 = Debug|Any CPU
		{99B46010-BC3A-4FA3-B554-1551407923A0}.Release|Any CPU.ActiveCfg = Release|Any CPU
		{99B46010-BC3A-4FA3-B554-1551407923A0}.Release|Any CPU.Build.0 = Release|Any CPU
	EndGlobalSection
	GlobalSection(SolutionProperties) = preSolution
		HideSolutionNode = FALSE
	EndGlobalSection
	GlobalSection(ExtensibilityGlobals) = postSolution
		SolutionGuid = {5869A88A-25CD-4998-9B15-E10BCA9ADF80}
	EndGlobalSection
EndGlobal
