
Microsoft Visual Studio Solution File, Format Version 12.00
# Visual Studio Version 17
VisualStudioVersion = 17.7.34202.233
MinimumVisualStudioVersion = 10.0.40219.1
Project("{FAE04EC0-301F-11D3-BF4B-00C04F79EFBC}") = "productAPI_EF", "productAPI_EF\productAPI_EF.csproj", "{4C596484-AC6E-48A4-A04C-867DF95FB6D2}"
EndProject
Global
	GlobalSection(SolutionConfigurationPlatforms) = preSolution
		Debug|Any CPU = Debug|Any CPU
		Release|Any CPU = Release|Any CPU
	EndGlobalSection
	GlobalSection(ProjectConfigurationPlatforms) = postSolution
		{4C596484-AC6E-48A4-A04C-867DF95FB6D2}.Debug|Any CPU.ActiveCfg = Debug|Any CPU
		{4C596484-AC6E-48A4-A04C-867DF95FB6D2}.Debug|Any CPU.Build.0 = Debug|Any CPU
		{4C596484-AC6E-48A4-A04C-867DF95FB6D2}.Release|Any CPU.ActiveCfg = Release|Any CPU
		{4C596484-AC6E-48A4-A04C-867DF95FB6D2}.Release|Any CPU.Build.0 = Release|Any CPU
	EndGlobalSection
	GlobalSection(SolutionProperties) = preSolution
		HideSolutionNode = FALSE
	EndGlobalSection
	GlobalSection(ExtensibilityGlobals) = postSolution
		SolutionGuid = {CE50D7A4-9CC4-4179-A371-05A180992097}
	EndGlobalSection
EndGlobal
