
Microsoft Visual Studio Solution File, Format Version 12.00
# Visual Studio Version 17
VisualStudioVersion = 17.7.34202.233
MinimumVisualStudioVersion = 10.0.40219.1
Project("{FAE04EC0-301F-11D3-BF4B-00C04F79EFBC}") = "HttpCClient_callsPOstDataAPI", "HttpCClient_callsPOstDataAPI\HttpCClient_callsPOstDataAPI.csproj", "{B1E20D33-EA2E-4956-9D95-81114E265DA5}"
EndProject
Global
	GlobalSection(SolutionConfigurationPlatforms) = preSolution
		Debug|Any CPU = Debug|Any CPU
		Release|Any CPU = Release|Any CPU
	EndGlobalSection
	GlobalSection(ProjectConfigurationPlatforms) = postSolution
		{B1E20D33-EA2E-4956-9D95-81114E265DA5}.Debug|Any CPU.ActiveCfg = Debug|Any CPU
		{B1E20D33-EA2E-4956-9D95-81114E265DA5}.Debug|Any CPU.Build.0 = Debug|Any CPU
		{B1E20D33-EA2E-4956-9D95-81114E265DA5}.Release|Any CPU.ActiveCfg = Release|Any CPU
		{B1E20D33-EA2E-4956-9D95-81114E265DA5}.Release|Any CPU.Build.0 = Release|Any CPU
	EndGlobalSection
	GlobalSection(SolutionProperties) = preSolution
		HideSolutionNode = FALSE
	EndGlobalSection
	GlobalSection(ExtensibilityGlobals) = postSolution
		SolutionGuid = {20F5935A-5CD7-4D42-9F99-12BFE371F7E6}
	EndGlobalSection
EndGlobal
