
Microsoft Visual Studio Solution File, Format Version 12.00
# Visual Studio Version 17
VisualStudioVersion = 17.7.34202.233
MinimumVisualStudioVersion = 10.0.40219.1
Project("{FAE04EC0-301F-11D3-BF4B-00C04F79EFBC}") = "Interface_demo", "Interface_demo\Interface_demo.csproj", "{AC223E2D-4F2E-47C4-853F-97B63210E48B}"
EndProject
Global
	GlobalSection(SolutionConfigurationPlatforms) = preSolution
		Debug|Any CPU = Debug|Any CPU
		Release|Any CPU = Release|Any CPU
	EndGlobalSection
	GlobalSection(ProjectConfigurationPlatforms) = postSolution
		{AC223E2D-4F2E-47C4-853F-97B63210E48B}.Debug|Any CPU.ActiveCfg = Debug|Any CPU
		{AC223E2D-4F2E-47C4-853F-97B63210E48B}.Debug|Any CPU.Build.0 = Debug|Any CPU
		{AC223E2D-4F2E-47C4-853F-97B63210E48B}.Release|Any CPU.ActiveCfg = Release|Any CPU
		{AC223E2D-4F2E-47C4-853F-97B63210E48B}.Release|Any CPU.Build.0 = Release|Any CPU
	EndGlobalSection
	GlobalSection(SolutionProperties) = preSolution
		HideSolutionNode = FALSE
	EndGlobalSection
	GlobalSection(ExtensibilityGlobals) = postSolution
		SolutionGuid = {7DF9F5E7-2B83-47A6-B3CE-0EE65FE8B2AE}
	EndGlobalSection
EndGlobal
